
Microsoft Visual Studio Solution File, Format Version 12.00
# Visual Studio 15
VisualStudioVersion = 15.0.28307.645
MinimumVisualStudioVersion = 10.0.40219.1
Project("{8BC9CEB8-8B4A-11D0-8D11-00A0C91BC942}") = "GraphicsLearning", "GraphicsLearning\GraphicsLearning.vcxproj", "{B81A6FA1-4D7D-4047-A3CE-CE7BBB11151C}"
EndProject
Global
	GlobalSection(SolutionConfigurationPlatforms) = preSolution
		Debug|x64 = Debug|x64
		Debug|x86 = Debug|x86
		Release|x64 = Release|x64
		Release|x86 = Release|x86
	EndGlobalSection
	GlobalSection(ProjectConfigurationPlatforms) = postSolution
		{B81A6FA1-4D7D-4047-A3CE-CE7BBB11151C}.Debug|x64.ActiveCfg = Debug|x64
		{B81A6FA1-4D7D-4047-A3CE-CE7BBB11151C}.Debug|x64.Build.0 = Debug|x64
		{B81A6FA1-4D7D-4047-A3CE-CE7BBB11151C}.Debug|x86.ActiveCfg = Debug|Win32
		{B81A6FA1-4D7D-4047-A3CE-CE7BBB11151C}.Debug|x86.Build.0 = Debug|Win32
		{B81A6FA1-4D7D-4047-A3CE-CE7BBB11151C}.Release|x64.ActiveCfg = Release|x64
		{B81A6FA1-4D7D-4047-A3CE-CE7BBB11151C}.Release|x64.Build.0 = Release|x64
		{B81A6FA1-4D7D-4047-A3CE-CE7BBB11151C}.Release|x86.ActiveCfg = Release|Win32
		{B81A6FA1-4D7D-4047-A3CE-CE7BBB11151C}.Release|x86.Build.0 = Release|Win32
	EndGlobalSection
	GlobalSection(SolutionProperties) = preSolution
		HideSolutionNode = FALSE
	EndGlobalSection
	GlobalSection(ExtensibilityGlobals) = postSolution
		SolutionGuid = {FF8E2E1E-5854-4E60-80D8-92CE52FAA11B}
	EndGlobalSection
EndGlobal
